
Microsoft Visual Studio Solution File, Format Version 12.00
# Visual Studio Version 16
VisualStudioVersion = 16.0.30204.135
MinimumVisualStudioVersion = 10.0.40219.1
Project("{FAE04EC0-301F-11D3-BF4B-00C04F79EFBC}") = "Analyticalways", "Analyticalways\Analyticalways.csproj", "{13B93CAE-444C-4242-99C0-917768F39DB8}"
EndProject
Global
	GlobalSection(SolutionConfigurationPlatforms) = preSolution
		Debug|Any CPU = Debug|Any CPU
		Release|Any CPU = Release|Any CPU
	EndGlobalSection
	GlobalSection(ProjectConfigurationPlatforms) = postSolution
		{13B93CAE-444C-4242-99C0-917768F39DB8}.Debug|Any CPU.ActiveCfg = Debug|Any CPU
		{13B93CAE-444C-4242-99C0-917768F39DB8}.Debug|Any CPU.Build.0 = Debug|Any CPU
		{13B93CAE-444C-4242-99C0-917768F39DB8}.Release|Any CPU.ActiveCfg = Release|Any CPU
		{13B93CAE-444C-4242-99C0-917768F39DB8}.Release|Any CPU.Build.0 = Release|Any CPU
	EndGlobalSection
	GlobalSection(SolutionProperties) = preSolution
		HideSolutionNode = FALSE
	EndGlobalSection
	GlobalSection(ExtensibilityGlobals) = postSolution
		SolutionGuid = {76E309F2-86DF-4DAB-9804-16093A3F5411}
	EndGlobalSection
EndGlobal
